// !$*UTF8*$!
{
	archiveVersion = 1;
	classes = {
	};
	objectVersion = 51;
	objects = {

/* Begin PBXBuildFile section */
		63B1597E10FA6965EFA024F2 /* Pods_CurrencyConverter_CurrencyConverterTests.framework in Frameworks */ = {isa = PBXBuildFile; fileRef = A8B12898F39B9B44C0D665CA /* Pods_CurrencyConverter_CurrencyConverterTests.framework */; };
		78CAE127E275D5A5A72752BC /* Pods_CurrencyConverter.framework in Frameworks */ = {isa = PBXBuildFile; fileRef = E48DB2AB4059B30CF7170611 /* Pods_CurrencyConverter.framework */; };
		D7A2289D257E5DCF002AD76F /* ExchangeRateFetcherSpec.swift in Sources */ = {isa = PBXBuildFile; fileRef = D7A2289C257E5DCF002AD76F /* ExchangeRateFetcherSpec.swift */; };
		D7A5B7E525810707006A856F /* ExchangeRate.swift in Sources */ = {isa = PBXBuildFile; fileRef = D7A5B7E425810707006A856F /* ExchangeRate.swift */; };
		D7A5BAB42582488C006A856F /* ExchangeRateSpec.swift in Sources */ = {isa = PBXBuildFile; fileRef = D7A5BAB32582488C006A856F /* ExchangeRateSpec.swift */; };
		D7CD06FF257A6881001BA44F /* AppDelegate.swift in Sources */ = {isa = PBXBuildFile; fileRef = D7CD06FE257A6881001BA44F /* AppDelegate.swift */; };
		D7CD0701257A6881001BA44F /* SceneDelegate.swift in Sources */ = {isa = PBXBuildFile; fileRef = D7CD0700257A6881001BA44F /* SceneDelegate.swift */; };
		D7CD0703257A6881001BA44F /* ViewController.swift in Sources */ = {isa = PBXBuildFile; fileRef = D7CD0702257A6881001BA44F /* ViewController.swift */; };
		D7CD0706257A6881001BA44F /* Main.storyboard in Resources */ = {isa = PBXBuildFile; fileRef = D7CD0704257A6881001BA44F /* Main.storyboard */; };
		D7CD0708257A6882001BA44F /* Assets.xcassets in Resources */ = {isa = PBXBuildFile; fileRef = D7CD0707257A6882001BA44F /* Assets.xcassets */; };
		D7CD070B257A6882001BA44F /* LaunchScreen.storyboard in Resources */ = {isa = PBXBuildFile; fileRef = D7CD0709257A6882001BA44F /* LaunchScreen.storyboard */; };
		D7CD0716257A6882001BA44F /* CurrencyConverterTests.swift in Sources */ = {isa = PBXBuildFile; fileRef = D7CD0715257A6882001BA44F /* CurrencyConverterTests.swift */; };
		D7CD0721257A6882001BA44F /* CurrencyConverterUITests.swift in Sources */ = {isa = PBXBuildFile; fileRef = D7CD0720257A6882001BA44F /* CurrencyConverterUITests.swift */; };
		D7CD0732257A689D001BA44F /* ViewModel.swift in Sources */ = {isa = PBXBuildFile; fileRef = D7CD0731257A689D001BA44F /* ViewModel.swift */; };
		D7CD076C257A8D05001BA44F /* DataGateway.swift in Sources */ = {isa = PBXBuildFile; fileRef = D7CD076B257A8D05001BA44F /* DataGateway.swift */; };
		D7CD0796257A974C001BA44F /* UserDefaults+Date.swift in Sources */ = {isa = PBXBuildFile; fileRef = D7CD0795257A974C001BA44F /* UserDefaults+Date.swift */; };
		D7CD079B257B2333001BA44F /* ExchangeRateFetcher.swift in Sources */ = {isa = PBXBuildFile; fileRef = D7CD079A257B2333001BA44F /* ExchangeRateFetcher.swift */; };
/* End PBXBuildFile section */

/* Begin PBXContainerItemProxy section */
		D7CD0712257A6882001BA44F /* PBXContainerItemProxy */ = {
			isa = PBXContainerItemProxy;
			containerPortal = D7CD06F3257A6881001BA44F /* Project object */;
			proxyType = 1;
			remoteGlobalIDString = D7CD06FA257A6881001BA44F;
			remoteInfo = CurrencyConverter;
		};
		D7CD071D257A6882001BA44F /* PBXContainerItemProxy */ = {
			isa = PBXContainerItemProxy;
			containerPortal = D7CD06F3257A6881001BA44F /* Project object */;
			proxyType = 1;
			remoteGlobalIDString = D7CD06FA257A6881001BA44F;
			remoteInfo = CurrencyConverter;
		};
/* End PBXContainerItemProxy section */

/* Begin PBXFileReference section */
		3C72BA862BD43FE6854D1E8C /* Pods-CurrencyConverterTests.release.xcconfig */ = {isa = PBXFileReference; includeInIndex = 1; lastKnownFileType = text.xcconfig; name = "Pods-CurrencyConverterTests.release.xcconfig"; path = "Target Support Files/Pods-CurrencyConverterTests/Pods-CurrencyConverterTests.release.xcconfig"; sourceTree = "<group>"; };
		5C802CC96E015B84A9589830 /* Pods-CurrencyConverter-CurrencyConverterTests.debug.xcconfig */ = {isa = PBXFileReference; includeInIndex = 1; lastKnownFileType = text.xcconfig; name = "Pods-CurrencyConverter-CurrencyConverterTests.debug.xcconfig"; path = "Target Support Files/Pods-CurrencyConverter-CurrencyConverterTests/Pods-CurrencyConverter-CurrencyConverterTests.debug.xcconfig"; sourceTree = "<group>"; };
		8CFBCB9CC3526C65DE9F1077 /* Pods-CurrencyConverter.debug.xcconfig */ = {isa = PBXFileReference; includeInIndex = 1; lastKnownFileType = text.xcconfig; name = "Pods-CurrencyConverter.debug.xcconfig"; path = "Target Support Files/Pods-CurrencyConverter/Pods-CurrencyConverter.debug.xcconfig"; sourceTree = "<group>"; };
		A8B12898F39B9B44C0D665CA /* Pods_CurrencyConverter_CurrencyConverterTests.framework */ = {isa = PBXFileReference; explicitFileType = wrapper.framework; includeInIndex = 0; path = Pods_CurrencyConverter_CurrencyConverterTests.framework; sourceTree = BUILT_PRODUCTS_DIR; };
		C335A624A146749E95C6201D /* Pods-CurrencyConverter-CurrencyConverterTests.release.xcconfig */ = {isa = PBXFileReference; includeInIndex = 1; lastKnownFileType = text.xcconfig; name = "Pods-CurrencyConverter-CurrencyConverterTests.release.xcconfig"; path = "Target Support Files/Pods-CurrencyConverter-CurrencyConverterTests/Pods-CurrencyConverter-CurrencyConverterTests.release.xcconfig"; sourceTree = "<group>"; };
		CFCEE6A5AD01E292FE441AEC /* Pods-CurrencyConverterTests.debug.xcconfig */ = {isa = PBXFileReference; includeInIndex = 1; lastKnownFileType = text.xcconfig; name = "Pods-CurrencyConverterTests.debug.xcconfig"; path = "Target Support Files/Pods-CurrencyConverterTests/Pods-CurrencyConverterTests.debug.xcconfig"; sourceTree = "<group>"; };
		D43C92354A5921134EA446B5 /* Pods-CurrencyConverter.release.xcconfig */ = {isa = PBXFileReference; includeInIndex = 1; lastKnownFileType = text.xcconfig; name = "Pods-CurrencyConverter.release.xcconfig"; path = "Target Support Files/Pods-CurrencyConverter/Pods-CurrencyConverter.release.xcconfig"; sourceTree = "<group>"; };
		D7A2289C257E5DCF002AD76F /* ExchangeRateFetcherSpec.swift */ = {isa = PBXFileReference; lastKnownFileType = sourcecode.swift; name = ExchangeRateFetcherSpec.swift; path = CurrencyConverter/ExchangeRateFetcherSpec.swift; sourceTree = SOURCE_ROOT; };
		D7A5B7E425810707006A856F /* ExchangeRate.swift */ = {isa = PBXFileReference; lastKnownFileType = sourcecode.swift; path = ExchangeRate.swift; sourceTree = "<group>"; };
		D7A5BAB32582488C006A856F /* ExchangeRateSpec.swift */ = {isa = PBXFileReference; lastKnownFileType = sourcecode.swift; path = ExchangeRateSpec.swift; sourceTree = "<group>"; };
		D7CD06FB257A6881001BA44F /* CurrencyConverter.app */ = {isa = PBXFileReference; explicitFileType = wrapper.application; includeInIndex = 0; path = CurrencyConverter.app; sourceTree = BUILT_PRODUCTS_DIR; };
		D7CD06FE257A6881001BA44F /* AppDelegate.swift */ = {isa = PBXFileReference; lastKnownFileType = sourcecode.swift; path = AppDelegate.swift; sourceTree = "<group>"; };
		D7CD0700257A6881001BA44F /* SceneDelegate.swift */ = {isa = PBXFileReference; lastKnownFileType = sourcecode.swift; path = SceneDelegate.swift; sourceTree = "<group>"; };
		D7CD0702257A6881001BA44F /* ViewController.swift */ = {isa = PBXFileReference; lastKnownFileType = sourcecode.swift; path = ViewController.swift; sourceTree = "<group>"; };
		D7CD0705257A6881001BA44F /* Base */ = {isa = PBXFileReference; lastKnownFileType = file.storyboard; name = Base; path = Base.lproj/Main.storyboard; sourceTree = "<group>"; };
		D7CD0707257A6882001BA44F /* Assets.xcassets */ = {isa = PBXFileReference; lastKnownFileType = folder.assetcatalog; path = Assets.xcassets; sourceTree = "<group>"; };
		D7CD070A257A6882001BA44F /* Base */ = {isa = PBXFileReference; lastKnownFileType = file.storyboard; name = Base; path = Base.lproj/LaunchScreen.storyboard; sourceTree = "<group>"; };
		D7CD070C257A6882001BA44F /* Info.plist */ = {isa = PBXFileReference; lastKnownFileType = text.plist.xml; path = Info.plist; sourceTree = "<group>"; };
		D7CD0711257A6882001BA44F /* CurrencyConverterTests.xctest */ = {isa = PBXFileReference; explicitFileType = wrapper.cfbundle; includeInIndex = 0; path = CurrencyConverterTests.xctest; sourceTree = BUILT_PRODUCTS_DIR; };
		D7CD0715257A6882001BA44F /* CurrencyConverterTests.swift */ = {isa = PBXFileReference; lastKnownFileType = sourcecode.swift; path = CurrencyConverterTests.swift; sourceTree = "<group>"; };
		D7CD0717257A6882001BA44F /* Info.plist */ = {isa = PBXFileReference; lastKnownFileType = text.plist.xml; path = Info.plist; sourceTree = "<group>"; };
		D7CD071C257A6882001BA44F /* CurrencyConverterUITests.xctest */ = {isa = PBXFileReference; explicitFileType = wrapper.cfbundle; includeInIndex = 0; path = CurrencyConverterUITests.xctest; sourceTree = BUILT_PRODUCTS_DIR; };
		D7CD0720257A6882001BA44F /* CurrencyConverterUITests.swift */ = {isa = PBXFileReference; lastKnownFileType = sourcecode.swift; path = CurrencyConverterUITests.swift; sourceTree = "<group>"; };
		D7CD0722257A6882001BA44F /* Info.plist */ = {isa = PBXFileReference; lastKnownFileType = text.plist.xml; path = Info.plist; sourceTree = "<group>"; };
		D7CD0731257A689D001BA44F /* ViewModel.swift */ = {isa = PBXFileReference; lastKnownFileType = sourcecode.swift; path = ViewModel.swift; sourceTree = "<group>"; };
		D7CD076B257A8D05001BA44F /* DataGateway.swift */ = {isa = PBXFileReference; lastKnownFileType = sourcecode.swift; path = DataGateway.swift; sourceTree = "<group>"; };
		D7CD0795257A974C001BA44F /* UserDefaults+Date.swift */ = {isa = PBXFileReference; lastKnownFileType = sourcecode.swift; path = "UserDefaults+Date.swift"; sourceTree = "<group>"; };
		D7CD079A257B2333001BA44F /* ExchangeRateFetcher.swift */ = {isa = PBXFileReference; lastKnownFileType = sourcecode.swift; path = ExchangeRateFetcher.swift; sourceTree = "<group>"; };
		E48DB2AB4059B30CF7170611 /* Pods_CurrencyConverter.framework */ = {isa = PBXFileReference; explicitFileType = wrapper.framework; includeInIndex = 0; path = Pods_CurrencyConverter.framework; sourceTree = BUILT_PRODUCTS_DIR; };
/* End PBXFileReference section */

/* Begin PBXFrameworksBuildPhase section */
		D7CD06F8257A6881001BA44F /* Frameworks */ = {
			isa = PBXFrameworksBuildPhase;
			buildActionMask = 2147483647;
			files = (
				78CAE127E275D5A5A72752BC /* Pods_CurrencyConverter.framework in Frameworks */,
			);
			runOnlyForDeploymentPostprocessing = 0;
		};
		D7CD070E257A6882001BA44F /* Frameworks */ = {
			isa = PBXFrameworksBuildPhase;
			buildActionMask = 2147483647;
			files = (
				63B1597E10FA6965EFA024F2 /* Pods_CurrencyConverter_CurrencyConverterTests.framework in Frameworks */,
			);
			runOnlyForDeploymentPostprocessing = 0;
		};
		D7CD0719257A6882001BA44F /* Frameworks */ = {
			isa = PBXFrameworksBuildPhase;
			buildActionMask = 2147483647;
			files = (
			);
			runOnlyForDeploymentPostprocessing = 0;
		};
/* End PBXFrameworksBuildPhase section */

/* Begin PBXGroup section */
		68F740021F1CC4AEE409AC5F /* Frameworks */ = {
			isa = PBXGroup;
			children = (
				E48DB2AB4059B30CF7170611 /* Pods_CurrencyConverter.framework */,
				A8B12898F39B9B44C0D665CA /* Pods_CurrencyConverter_CurrencyConverterTests.framework */,
			);
			name = Frameworks;
			sourceTree = "<group>";
		};
		83D41339B7137CF1CEC1E995 /* Pods */ = {
			isa = PBXGroup;
			children = (
				CFCEE6A5AD01E292FE441AEC /* Pods-CurrencyConverterTests.debug.xcconfig */,
				3C72BA862BD43FE6854D1E8C /* Pods-CurrencyConverterTests.release.xcconfig */,
				8CFBCB9CC3526C65DE9F1077 /* Pods-CurrencyConverter.debug.xcconfig */,
				D43C92354A5921134EA446B5 /* Pods-CurrencyConverter.release.xcconfig */,
				5C802CC96E015B84A9589830 /* Pods-CurrencyConverter-CurrencyConverterTests.debug.xcconfig */,
				C335A624A146749E95C6201D /* Pods-CurrencyConverter-CurrencyConverterTests.release.xcconfig */,
			);
			path = Pods;
			sourceTree = "<group>";
		};
		D7CD06F2257A6881001BA44F = {
			isa = PBXGroup;
			children = (
				D7CD06FD257A6881001BA44F /* CurrencyConverter */,
				D7CD0714257A6882001BA44F /* CurrencyConverterTests */,
				D7CD071F257A6882001BA44F /* CurrencyConverterUITests */,
				D7CD06FC257A6881001BA44F /* Products */,
				83D41339B7137CF1CEC1E995 /* Pods */,
				68F740021F1CC4AEE409AC5F /* Frameworks */,
			);
			sourceTree = "<group>";
		};
		D7CD06FC257A6881001BA44F /* Products */ = {
			isa = PBXGroup;
			children = (
				D7CD06FB257A6881001BA44F /* CurrencyConverter.app */,
				D7CD0711257A6882001BA44F /* CurrencyConverterTests.xctest */,
				D7CD071C257A6882001BA44F /* CurrencyConverterUITests.xctest */,
			);
			name = Products;
			sourceTree = "<group>";
		};
		D7CD06FD257A6881001BA44F /* CurrencyConverter */ = {
			isa = PBXGroup;
			children = (
				D7CD06FE257A6881001BA44F /* AppDelegate.swift */,
				D7CD0700257A6881001BA44F /* SceneDelegate.swift */,
				D7CD0702257A6881001BA44F /* ViewController.swift */,
				D7CD076B257A8D05001BA44F /* DataGateway.swift */,
				D7CD079A257B2333001BA44F /* ExchangeRateFetcher.swift */,
				D7CD0795257A974C001BA44F /* UserDefaults+Date.swift */,
				D7A5B7E425810707006A856F /* ExchangeRate.swift */,
				D7CD0731257A689D001BA44F /* ViewModel.swift */,
				D7CD0704257A6881001BA44F /* Main.storyboard */,
				D7CD0707257A6882001BA44F /* Assets.xcassets */,
				D7CD0709257A6882001BA44F /* LaunchScreen.storyboard */,
				D7CD070C257A6882001BA44F /* Info.plist */,
			);
			path = CurrencyConverter;
			sourceTree = "<group>";
		};
		D7CD0714257A6882001BA44F /* CurrencyConverterTests */ = {
			isa = PBXGroup;
			children = (
				D7A2289C257E5DCF002AD76F /* ExchangeRateFetcherSpec.swift */,
				D7A5BAB32582488C006A856F /* ExchangeRateSpec.swift */,
				D7CD0715257A6882001BA44F /* CurrencyConverterTests.swift */,
				D7CD0717257A6882001BA44F /* Info.plist */,
			);
			path = CurrencyConverterTests;
			sourceTree = "<group>";
		};
		D7CD071F257A6882001BA44F /* CurrencyConverterUITests */ = {
			isa = PBXGroup;
			children = (
				D7CD0720257A6882001BA44F /* CurrencyConverterUITests.swift */,
				D7CD0722257A6882001BA44F /* Info.plist */,
			);
			path = CurrencyConverterUITests;
			sourceTree = "<group>";
		};
/* End PBXGroup section */

/* Begin PBXNativeTarget section */
		D7CD06FA257A6881001BA44F /* CurrencyConverter */ = {
			isa = PBXNativeTarget;
			buildConfigurationList = D7CD0725257A6882001BA44F /* Build configuration list for PBXNativeTarget "CurrencyConverter" */;
			buildPhases = (
				1AEB1FBC90FF76E72A2B09F9 /* [CP] Check Pods Manifest.lock */,
				D7CD06F7257A6881001BA44F /* Sources */,
				D7CD06F8257A6881001BA44F /* Frameworks */,
				D7CD06F9257A6881001BA44F /* Resources */,
				9D2C2108139F6B941B1EE25F /* [CP] Embed Pods Frameworks */,
			);
			buildRules = (
			);
			dependencies = (
			);
			name = CurrencyConverter;
			productName = CurrencyConverter;
			productReference = D7CD06FB257A6881001BA44F /* CurrencyConverter.app */;
			productType = "com.apple.product-type.application";
		};
		D7CD0710257A6882001BA44F /* CurrencyConverterTests */ = {
			isa = PBXNativeTarget;
			buildConfigurationList = D7CD0728257A6882001BA44F /* Build configuration list for PBXNativeTarget "CurrencyConverterTests" */;
			buildPhases = (
				A6FDFF0FC95DB1013D050EF1 /* [CP] Check Pods Manifest.lock */,
				D7CD070D257A6882001BA44F /* Sources */,
				D7CD070E257A6882001BA44F /* Frameworks */,
				D7CD070F257A6882001BA44F /* Resources */,
				12BE1A177B90C3C0470CEE3C /* [CP] Embed Pods Frameworks */,
			);
			buildRules = (
			);
			dependencies = (
				D7CD0713257A6882001BA44F /* PBXTargetDependency */,
			);
			name = CurrencyConverterTests;
			productName = CurrencyConverterTests;
			productReference = D7CD0711257A6882001BA44F /* CurrencyConverterTests.xctest */;
			productType = "com.apple.product-type.bundle.unit-test";
		};
		D7CD071B257A6882001BA44F /* CurrencyConverterUITests */ = {
			isa = PBXNativeTarget;
			buildConfigurationList = D7CD072B257A6882001BA44F /* Build configuration list for PBXNativeTarget "CurrencyConverterUITests" */;
			buildPhases = (
				D7CD0718257A6882001BA44F /* Sources */,
				D7CD0719257A6882001BA44F /* Frameworks */,
				D7CD071A257A6882001BA44F /* Resources */,
			);
			buildRules = (
			);
			dependencies = (
				D7CD071E257A6882001BA44F /* PBXTargetDependency */,
			);
			name = CurrencyConverterUITests;
			productName = CurrencyConverterUITests;
			productReference = D7CD071C257A6882001BA44F /* CurrencyConverterUITests.xctest */;
			productType = "com.apple.product-type.bundle.ui-testing";
		};
/* End PBXNativeTarget section */

/* Begin PBXProject section */
		D7CD06F3257A6881001BA44F /* Project object */ = {
			isa = PBXProject;
			attributes = {
				LastSwiftUpdateCheck = 1200;
				LastUpgradeCheck = 1200;
				TargetAttributes = {
					D7CD06FA257A6881001BA44F = {
						CreatedOnToolsVersion = 12.0.1;
					};
					D7CD0710257A6882001BA44F = {
						CreatedOnToolsVersion = 12.0.1;
						TestTargetID = D7CD06FA257A6881001BA44F;
					};
					D7CD071B257A6882001BA44F = {
						CreatedOnToolsVersion = 12.0.1;
						TestTargetID = D7CD06FA257A6881001BA44F;
					};
				};
			};
			buildConfigurationList = D7CD06F6257A6881001BA44F /* Build configuration list for PBXProject "CurrencyConverter" */;
			compatibilityVersion = "Xcode 9.3";
			developmentRegion = en;
			hasScannedForEncodings = 0;
			knownRegions = (
				en,
				Base,
			);
			mainGroup = D7CD06F2257A6881001BA44F;
			productRefGroup = D7CD06FC257A6881001BA44F /* Products */;
			projectDirPath = "";
			projectRoot = "";
			targets = (
				D7CD06FA257A6881001BA44F /* CurrencyConverter */,
				D7CD0710257A6882001BA44F /* CurrencyConverterTests */,
				D7CD071B257A6882001BA44F /* CurrencyConverterUITests */,
			);
		};
/* End PBXProject section */

/* Begin PBXResourcesBuildPhase section */
		D7CD06F9257A6881001BA44F /* Resources */ = {
			isa = PBXResourcesBuildPhase;
			buildActionMask = 2147483647;
			files = (
				D7CD070B257A6882001BA44F /* LaunchScreen.storyboard in Resources */,
				D7CD0708257A6882001BA44F /* Assets.xcassets in Resources */,
				D7CD0706257A6881001BA44F /* Main.storyboard in Resources */,
			);
			runOnlyForDeploymentPostprocessing = 0;
		};
		D7CD070F257A6882001BA44F /* Resources */ = {
			isa = PBXResourcesBuildPhase;
			buildActionMask = 2147483647;
			files = (
			);
			runOnlyForDeploymentPostprocessing = 0;
		};
		D7CD071A257A6882001BA44F /* Resources */ = {
			isa = PBXResourcesBuildPhase;
			buildActionMask = 2147483647;
			files = (
			);
			runOnlyForDeploymentPostprocessing = 0;
		};
/* End PBXResourcesBuildPhase section */

/* Begin PBXShellScriptBuildPhase section */
		12BE1A177B90C3C0470CEE3C /* [CP] Embed Pods Frameworks */ = {
			isa = PBXShellScriptBuildPhase;
			buildActionMask = 2147483647;
			files = (
			);
			inputFileListPaths = (
				"${PODS_ROOT}/Target Support Files/Pods-CurrencyConverter-CurrencyConverterTests/Pods-CurrencyConverter-CurrencyConverterTests-frameworks-${CONFIGURATION}-input-files.xcfilelist",
			);
			name = "[CP] Embed Pods Frameworks";
			outputFileListPaths = (
				"${PODS_ROOT}/Target Support Files/Pods-CurrencyConverter-CurrencyConverterTests/Pods-CurrencyConverter-CurrencyConverterTests-frameworks-${CONFIGURATION}-output-files.xcfilelist",
			);
			runOnlyForDeploymentPostprocessing = 0;
			shellPath = /bin/sh;
			shellScript = "\"${PODS_ROOT}/Target Support Files/Pods-CurrencyConverter-CurrencyConverterTests/Pods-CurrencyConverter-CurrencyConverterTests-frameworks.sh\"\n";
			showEnvVarsInLog = 0;
		};
		1AEB1FBC90FF76E72A2B09F9 /* [CP] Check Pods Manifest.lock */ = {
			isa = PBXShellScriptBuildPhase;
			buildActionMask = 2147483647;
			files = (
			);
			inputFileListPaths = (
			);
			inputPaths = (
				"${PODS_PODFILE_DIR_PATH}/Podfile.lock",
				"${PODS_ROOT}/Manifest.lock",
			);
			name = "[CP] Check Pods Manifest.lock";
			outputFileListPaths = (
			);
			outputPaths = (
				"$(DERIVED_FILE_DIR)/Pods-CurrencyConverter-checkManifestLockResult.txt",
			);
			runOnlyForDeploymentPostprocessing = 0;
			shellPath = /bin/sh;
			shellScript = "diff \"${PODS_PODFILE_DIR_PATH}/Podfile.lock\" \"${PODS_ROOT}/Manifest.lock\" > /dev/null\nif [ $? != 0 ] ; then\n    # print error to STDERR\n    echo \"error: The sandbox is not in sync with the Podfile.lock. Run 'pod install' or update your CocoaPods installation.\" >&2\n    exit 1\nfi\n# This output is used by Xcode 'outputs' to avoid re-running this script phase.\necho \"SUCCESS\" > \"${SCRIPT_OUTPUT_FILE_0}\"\n";
			showEnvVarsInLog = 0;
		};
		9D2C2108139F6B941B1EE25F /* [CP] Embed Pods Frameworks */ = {
			isa = PBXShellScriptBuildPhase;
			buildActionMask = 2147483647;
			files = (
			);
			inputFileListPaths = (
				"${PODS_ROOT}/Target Support Files/Pods-CurrencyConverter/Pods-CurrencyConverter-frameworks-${CONFIGURATION}-input-files.xcfilelist",
			);
			name = "[CP] Embed Pods Frameworks";
			outputFileListPaths = (
				"${PODS_ROOT}/Target Support Files/Pods-CurrencyConverter/Pods-CurrencyConverter-frameworks-${CONFIGURATION}-output-files.xcfilelist",
			);
			runOnlyForDeploymentPostprocessing = 0;
			shellPath = /bin/sh;
			shellScript = "\"${PODS_ROOT}/Target Support Files/Pods-CurrencyConverter/Pods-CurrencyConverter-frameworks.sh\"\n";
			showEnvVarsInLog = 0;
		};
		A6FDFF0FC95DB1013D050EF1 /* [CP] Check Pods Manifest.lock */ = {
			isa = PBXShellScriptBuildPhase;
			buildActionMask = 2147483647;
			files = (
			);
			inputFileListPaths = (
			);
			inputPaths = (
				"${PODS_PODFILE_DIR_PATH}/Podfile.lock",
				"${PODS_ROOT}/Manifest.lock",
			);
			name = "[CP] Check Pods Manifest.lock";
			outputFileListPaths = (
			);
			outputPaths = (
				"$(DERIVED_FILE_DIR)/Pods-CurrencyConverter-CurrencyConverterTests-checkManifestLockResult.txt",
			);
			runOnlyForDeploymentPostprocessing = 0;
			shellPath = /bin/sh;
			shellScript = "diff \"${PODS_PODFILE_DIR_PATH}/Podfile.lock\" \"${PODS_ROOT}/Manifest.lock\" > /dev/null\nif [ $? != 0 ] ; then\n    # print error to STDERR\n    echo \"error: The sandbox is not in sync with the Podfile.lock. Run 'pod install' or update your CocoaPods installation.\" >&2\n    exit 1\nfi\n# This output is used by Xcode 'outputs' to avoid re-running this script phase.\necho \"SUCCESS\" > \"${SCRIPT_OUTPUT_FILE_0}\"\n";
			showEnvVarsInLog = 0;
		};
/* End PBXShellScriptBuildPhase section */

/* Begin PBXSourcesBuildPhase section */
		D7CD06F7257A6881001BA44F /* Sources */ = {
			isa = PBXSourcesBuildPhase;
			buildActionMask = 2147483647;
			files = (
				D7CD0796257A974C001BA44F /* UserDefaults+Date.swift in Sources */,
				D7CD076C257A8D05001BA44F /* DataGateway.swift in Sources */,
				D7CD0703257A6881001BA44F /* ViewController.swift in Sources */,
				D7CD06FF257A6881001BA44F /* AppDelegate.swift in Sources */,
				D7A5B7E525810707006A856F /* ExchangeRate.swift in Sources */,
				D7CD0732257A689D001BA44F /* ViewModel.swift in Sources */,
				D7CD079B257B2333001BA44F /* ExchangeRateFetcher.swift in Sources */,
				D7CD0701257A6881001BA44F /* SceneDelegate.swift in Sources */,
			);
			runOnlyForDeploymentPostprocessing = 0;
		};
		D7CD070D257A6882001BA44F /* Sources */ = {
			isa = PBXSourcesBuildPhase;
			buildActionMask = 2147483647;
			files = (
				D7CD0716257A6882001BA44F /* CurrencyConverterTests.swift in Sources */,
				D7A5BAB42582488C006A856F /* ExchangeRateSpec.swift in Sources */,
				D7A2289D257E5DCF002AD76F /* ExchangeRateFetcherSpec.swift in Sources */,
			);
			runOnlyForDeploymentPostprocessing = 0;
		};
		D7CD0718257A6882001BA44F /* Sources */ = {
			isa = PBXSourcesBuildPhase;
			buildActionMask = 2147483647;
			files = (
				D7CD0721257A6882001BA44F /* CurrencyConverterUITests.swift in Sources */,
			);
			runOnlyForDeploymentPostprocessing = 0;
		};
/* End PBXSourcesBuildPhase section */

/* Begin PBXTargetDependency section */
		D7CD0713257A6882001BA44F /* PBXTargetDependency */ = {
			isa = PBXTargetDependency;
			target = D7CD06FA257A6881001BA44F /* CurrencyConverter */;
			targetProxy = D7CD0712257A6882001BA44F /* PBXContainerItemProxy */;
		};
		D7CD071E257A6882001BA44F /* PBXTargetDependency */ = {
			isa = PBXTargetDependency;
			target = D7CD06FA257A6881001BA44F /* CurrencyConverter */;
			targetProxy = D7CD071D257A6882001BA44F /* PBXContainerItemProxy */;
		};
/* End PBXTargetDependency section */

/* Begin PBXVariantGroup section */
		D7CD0704257A6881001BA44F /* Main.storyboard */ = {
			isa = PBXVariantGroup;
			children = (
				D7CD0705257A6881001BA44F /* Base */,
			);
			name = Main.storyboard;
			sourceTree = "<group>";
		};
		D7CD0709257A6882001BA44F /* LaunchScreen.storyboard */ = {
			isa = PBXVariantGroup;
			children = (
				D7CD070A257A6882001BA44F /* Base */,
			);
			name = LaunchScreen.storyboard;
			sourceTree = "<group>";
		};
/* End PBXVariantGroup section */

/* Begin XCBuildConfiguration section */
		D7CD0723257A6882001BA44F /* Debug */ = {
			isa = XCBuildConfiguration;
			buildSettings = {
				ALWAYS_SEARCH_USER_PATHS = NO;
				CLANG_ANALYZER_NONNULL = YES;
				CLANG_ANALYZER_NUMBER_OBJECT_CONVERSION = YES_AGGRESSIVE;
				CLANG_CXX_LANGUAGE_STANDARD = "gnu++14";
				CLANG_CXX_LIBRARY = "libc++";
				CLANG_ENABLE_MODULES = YES;
				CLANG_ENABLE_OBJC_ARC = YES;
				CLANG_ENABLE_OBJC_WEAK = YES;
				CLANG_WARN_BLOCK_CAPTURE_AUTORELEASING = YES;
				CLANG_WARN_BOOL_CONVERSION = YES;
				CLANG_WARN_COMMA = YES;
				CLANG_WARN_CONSTANT_CONVERSION = YES;
				CLANG_WARN_DEPRECATED_OBJC_IMPLEMENTATIONS = YES;
				CLANG_WARN_DIRECT_OBJC_ISA_USAGE = YES_ERROR;
				CLANG_WARN_DOCUMENTATION_COMMENTS = YES;
				CLANG_WARN_EMPTY_BODY = YES;
				CLANG_WARN_ENUM_CONVERSION = YES;
				CLANG_WARN_INFINITE_RECURSION = YES;
				CLANG_WARN_INT_CONVERSION = YES;
				CLANG_WARN_NON_LITERAL_NULL_CONVERSION = YES;
				CLANG_WARN_OBJC_IMPLICIT_RETAIN_SELF = YES;
				CLANG_WARN_OBJC_LITERAL_CONVERSION = YES;
				CLANG_WARN_OBJC_ROOT_CLASS = YES_ERROR;
				CLANG_WARN_QUOTED_INCLUDE_IN_FRAMEWORK_HEADER = YES;
				CLANG_WARN_RANGE_LOOP_ANALYSIS = YES;
				CLANG_WARN_STRICT_PROTOTYPES = YES;
				CLANG_WARN_SUSPICIOUS_MOVE = YES;
				CLANG_WARN_UNGUARDED_AVAILABILITY = YES_AGGRESSIVE;
				CLANG_WARN_UNREACHABLE_CODE = YES;
				CLANG_WARN__DUPLICATE_METHOD_MATCH = YES;
				COPY_PHASE_STRIP = NO;
				DEBUG_INFORMATION_FORMAT = dwarf;
				ENABLE_STRICT_OBJC_MSGSEND = YES;
				ENABLE_TESTABILITY = YES;
				GCC_C_LANGUAGE_STANDARD = gnu11;
				GCC_DYNAMIC_NO_PIC = NO;
				GCC_NO_COMMON_BLOCKS = YES;
				GCC_OPTIMIZATION_LEVEL = 0;
				GCC_PREPROCESSOR_DEFINITIONS = (
					"DEBUG=1",
					"$(inherited)",
				);
				GCC_WARN_64_TO_32_BIT_CONVERSION = YES;
				GCC_WARN_ABOUT_RETURN_TYPE = YES_ERROR;
				GCC_WARN_UNDECLARED_SELECTOR = YES;
				GCC_WARN_UNINITIALIZED_AUTOS = YES_AGGRESSIVE;
				GCC_WARN_UNUSED_FUNCTION = YES;
				GCC_WARN_UNUSED_VARIABLE = YES;
				IPHONEOS_DEPLOYMENT_TARGET = 14.0;
				MTL_ENABLE_DEBUG_INFO = INCLUDE_SOURCE;
				MTL_FAST_MATH = YES;
				ONLY_ACTIVE_ARCH = YES;
				SDKROOT = iphoneos;
				SWIFT_ACTIVE_COMPILATION_CONDITIONS = DEBUG;
				SWIFT_OPTIMIZATION_LEVEL = "-Onone";
			};
			name = Debug;
		};
		D7CD0724257A6882001BA44F /* Release */ = {
			isa = XCBuildConfiguration;
			buildSettings = {
				ALWAYS_SEARCH_USER_PATHS = NO;
				CLANG_ANALYZER_NONNULL = YES;
				CLANG_ANALYZER_NUMBER_OBJECT_CONVERSION = YES_AGGRESSIVE;
				CLANG_CXX_LANGUAGE_STANDARD = "gnu++14";
				CLANG_CXX_LIBRARY = "libc++";
				CLANG_ENABLE_MODULES = YES;
				CLANG_ENABLE_OBJC_ARC = YES;
				CLANG_ENABLE_OBJC_WEAK = YES;
				CLANG_WARN_BLOCK_CAPTURE_AUTORELEASING = YES;
				CLANG_WARN_BOOL_CONVERSION = YES;
				CLANG_WARN_COMMA = YES;
				CLANG_WARN_CONSTANT_CONVERSION = YES;
				CLANG_WARN_DEPRECATED_OBJC_IMPLEMENTATIONS = YES;
				CLANG_WARN_DIRECT_OBJC_ISA_USAGE = YES_ERROR;
				CLANG_WARN_DOCUMENTATION_COMMENTS = YES;
				CLANG_WARN_EMPTY_BODY = YES;
				CLANG_WARN_ENUM_CONVERSION = YES;
				CLANG_WARN_INFINITE_RECURSION = YES;
				CLANG_WARN_INT_CONVERSION = YES;
				CLANG_WARN_NON_LITERAL_NULL_CONVERSION = YES;
				CLANG_WARN_OBJC_IMPLICIT_RETAIN_SELF = YES;
				CLANG_WARN_OBJC_LITERAL_CONVERSION = YES;
				CLANG_WARN_OBJC_ROOT_CLASS = YES_ERROR;
				CLANG_WARN_QUOTED_INCLUDE_IN_FRAMEWORK_HEADER = YES;
				CLANG_WARN_RANGE_LOOP_ANALYSIS = YES;
				CLANG_WARN_STRICT_PROTOTYPES = YES;
				CLANG_WARN_SUSPICIOUS_MOVE = YES;
				CLANG_WARN_UNGUARDED_AVAILABILITY = YES_AGGRESSIVE;
				CLANG_WARN_UNREACHABLE_CODE = YES;
				CLANG_WARN__DUPLICATE_METHOD_MATCH = YES;
				COPY_PHASE_STRIP = NO;
				DEBUG_INFORMATION_FORMAT = "dwarf-with-dsym";
				ENABLE_NS_ASSERTIONS = NO;
				ENABLE_STRICT_OBJC_MSGSEND = YES;
				GCC_C_LANGUAGE_STANDARD = gnu11;
				GCC_NO_COMMON_BLOCKS = YES;
				GCC_WARN_64_TO_32_BIT_CONVERSION = YES;
				GCC_WARN_ABOUT_RETURN_TYPE = YES_ERROR;
				GCC_WARN_UNDECLARED_SELECTOR = YES;
				GCC_WARN_UNINITIALIZED_AUTOS = YES_AGGRESSIVE;
				GCC_WARN_UNUSED_FUNCTION = YES;
				GCC_WARN_UNUSED_VARIABLE = YES;
				IPHONEOS_DEPLOYMENT_TARGET = 14.0;
				MTL_ENABLE_DEBUG_INFO = NO;
				MTL_FAST_MATH = YES;
				SDKROOT = iphoneos;
				SWIFT_COMPILATION_MODE = wholemodule;
				SWIFT_OPTIMIZATION_LEVEL = "-O";
				VALIDATE_PRODUCT = YES;
			};
			name = Release;
		};
		D7CD0726257A6882001BA44F /* Debug */ = {
			isa = XCBuildConfiguration;
			baseConfigurationReference = 8CFBCB9CC3526C65DE9F1077 /* Pods-CurrencyConverter.debug.xcconfig */;
			buildSettings = {
				ASSETCATALOG_COMPILER_APPICON_NAME = AppIcon;
				ASSETCATALOG_COMPILER_GLOBAL_ACCENT_COLOR_NAME = AccentColor;
				CODE_SIGN_STYLE = Automatic;
				DEVELOPMENT_TEAM = LM9J2MBZLZ;
				INFOPLIST_FILE = CurrencyConverter/Info.plist;
				LD_RUNPATH_SEARCH_PATHS = (
					"$(inherited)",
					"@executable_path/Frameworks",
				);
				PRODUCT_BUNDLE_IDENTIFIER = io.github.kazutaka333.currencyconverter.CurrencyConverter;
				PRODUCT_NAME = "$(TARGET_NAME)";
				SWIFT_VERSION = 5.0;
				TARGETED_DEVICE_FAMILY = "1,2";
			};
			name = Debug;
		};
		D7CD0727257A6882001BA44F /* Release */ = {
			isa = XCBuildConfiguration;
			baseConfigurationReference = D43C92354A5921134EA446B5 /* Pods-CurrencyConverter.release.xcconfig */;
			buildSettings = {
				ASSETCATALOG_COMPILER_APPICON_NAME = AppIcon;
				ASSETCATALOG_COMPILER_GLOBAL_ACCENT_COLOR_NAME = AccentColor;
				CODE_SIGN_STYLE = Automatic;
				DEVELOPMENT_TEAM = LM9J2MBZLZ;
				INFOPLIST_FILE = CurrencyConverter/Info.plist;
				LD_RUNPATH_SEARCH_PATHS = (
					"$(inherited)",
					"@executable_path/Frameworks",
				);
				PRODUCT_BUNDLE_IDENTIFIER = io.github.kazutaka333.currencyconverter.CurrencyConverter;
				PRODUCT_NAME = "$(TARGET_NAME)";
				SWIFT_VERSION = 5.0;
				TARGETED_DEVICE_FAMILY = "1,2";
			};
			name = Release;
		};
		D7CD0729257A6882001BA44F /* Debug */ = {
			isa = XCBuildConfiguration;
			baseConfigurationReference = 5C802CC96E015B84A9589830 /* Pods-CurrencyConverter-CurrencyConverterTests.debug.xcconfig */;
			buildSettings = {
				ALWAYS_EMBED_SWIFT_STANDARD_LIBRARIES = "$(inherited)";
				BUNDLE_LOADER = "$(TEST_HOST)";
				CODE_SIGN_STYLE = Automatic;
				DEVELOPMENT_TEAM = LM9J2MBZLZ;
				INFOPLIST_FILE = CurrencyConverterTests/Info.plist;
				IPHONEOS_DEPLOYMENT_TARGET = 14.0;
				LD_RUNPATH_SEARCH_PATHS = (
					"$(inherited)",
					"@executable_path/Frameworks",
					"@loader_path/Frameworks",
				);
				PRODUCT_BUNDLE_IDENTIFIER = io.github.kazutaka333.currencyconverter.CurrencyConverterTests;
				PRODUCT_NAME = "$(TARGET_NAME)";
				SWIFT_VERSION = 5.0;
				TARGETED_DEVICE_FAMILY = "1,2";
				TEST_HOST = "$(BUILT_PRODUCTS_DIR)/CurrencyConverter.app/CurrencyConverter";
			};
			name = Debug;
		};
		D7CD072A257A6882001BA44F /* Release */ = {
			isa = XCBuildConfiguration;
			baseConfigurationReference = C335A624A146749E95C6201D /* Pods-CurrencyConverter-CurrencyConverterTests.release.xcconfig */;
			buildSettings = {
				ALWAYS_EMBED_SWIFT_STANDARD_LIBRARIES = "$(inherited)";
				BUNDLE_LOADER = "$(TEST_HOST)";
				CODE_SIGN_STYLE = Automatic;
				DEVELOPMENT_TEAM = LM9J2MBZLZ;
				INFOPLIST_FILE = CurrencyConverterTests/Info.plist;
				IPHONEOS_DEPLOYMENT_TARGET = 14.0;
				LD_RUNPATH_SEARCH_PATHS = (
					"$(inherited)",
					"@executable_path/Frameworks",
					"@loader_path/Frameworks",
				);
				PRODUCT_BUNDLE_IDENTIFIER = io.github.kazutaka333.currencyconverter.CurrencyConverterTests;
				PRODUCT_NAME = "$(TARGET_NAME)";
				SWIFT_VERSION = 5.0;
				TARGETED_DEVICE_FAMILY = "1,2";
				TEST_HOST = "$(BUILT_PRODUCTS_DIR)/CurrencyConverter.app/CurrencyConverter";
			};
			name = Release;
		};
		D7CD072C257A6882001BA44F /* Debug */ = {
			isa = XCBuildConfiguration;
			buildSettings = {
				ALWAYS_EMBED_SWIFT_STANDARD_LIBRARIES = YES;
				CODE_SIGN_STYLE = Automatic;
				DEVELOPMENT_TEAM = LM9J2MBZLZ;
				INFOPLIST_FILE = CurrencyConverterUITests/Info.plist;
				LD_RUNPATH_SEARCH_PATHS = (
					"$(inherited)",
					"@executable_path/Frameworks",
					"@loader_path/Frameworks",
				);
				PRODUCT_BUNDLE_IDENTIFIER = io.github.kazutaka333.currencyconverter.CurrencyConverterUITests;
				PRODUCT_NAME = "$(TARGET_NAME)";
				SWIFT_VERSION = 5.0;
				TARGETED_DEVICE_FAMILY = "1,2";
				TEST_TARGET_NAME = CurrencyConverter;
			};
			name = Debug;
		};
		D7CD072D257A6882001BA44F /* Release */ = {
			isa = XCBuildConfiguration;
			buildSettings = {
				ALWAYS_EMBED_SWIFT_STANDARD_LIBRARIES = YES;
				CODE_SIGN_STYLE = Automatic;
				DEVELOPMENT_TEAM = LM9J2MBZLZ;
				INFOPLIST_FILE = CurrencyConverterUITests/Info.plist;
				LD_RUNPATH_SEARCH_PATHS = (
					"$(inherited)",
					"@executable_path/Frameworks",
					"@loader_path/Frameworks",
				);
				PRODUCT_BUNDLE_IDENTIFIER = io.github.kazutaka333.currencyconverter.CurrencyConverterUITests;
				PRODUCT_NAME = "$(TARGET_NAME)";
				SWIFT_VERSION = 5.0;
				TARGETED_DEVICE_FAMILY = "1,2";
				TEST_TARGET_NAME = CurrencyConverter;
			};
			name = Release;
		};
/* End XCBuildConfiguration section */

/* Begin XCConfigurationList section */
		D7CD06F6257A6881001BA44F /* Build configuration list for PBXProject "CurrencyConverter" */ = {
			isa = XCConfigurationList;
			buildConfigurations = (
				D7CD0723257A6882001BA44F /* Debug */,
				D7CD0724257A6882001BA44F /* Release */,
			);
			defaultConfigurationIsVisible = 0;
			defaultConfigurationName = Release;
		};
		D7CD0725257A6882001BA44F /* Build configuration list for PBXNativeTarget "CurrencyConverter" */ = {
			isa = XCConfigurationList;
			buildConfigurations = (
				D7CD0726257A6882001BA44F /* Debug */,
				D7CD0727257A6882001BA44F /* Release */,
			);
			defaultConfigurationIsVisible = 0;
			defaultConfigurationName = Release;
		};
		D7CD0728257A6882001BA44F /* Build configuration list for PBXNativeTarget "CurrencyConverterTests" */ = {
			isa = XCConfigurationList;
			buildConfigurations = (
				D7CD0729257A6882001BA44F /* Debug */,
				D7CD072A257A6882001BA44F /* Release */,
			);
			defaultConfigurationIsVisible = 0;
			defaultConfigurationName = Release;
		};
		D7CD072B257A6882001BA44F /* Build configuration list for PBXNativeTarget "CurrencyConverterUITests" */ = {
			isa = XCConfigurationList;
			buildConfigurations = (
				D7CD072C257A6882001BA44F /* Debug */,
				D7CD072D257A6882001BA44F /* Release */,
			);
			defaultConfigurationIsVisible = 0;
			defaultConfigurationName = Release;
		};
/* End XCConfigurationList section */
	};
	rootObject = D7CD06F3257A6881001BA44F /* Project object */;
}
